
Microsoft Visual Studio Solution File, Format Version 12.00
# Visual Studio Version 17
VisualStudioVersion = 17.8.34330.188
MinimumVisualStudioVersion = 10.0.40219.1
Project("{67E9A580-B80A-47B4-AABE-EA3C686919CE}") = "GovernmentDiplomatic", "GovernmentDiplomatic.civ6proj", "{A091BD4E-BE19-4FA8-ACCA-D92FA895CE7C}"
EndProject
Global
	GlobalSection(SolutionConfigurationPlatforms) = preSolution
		Default|Civ6 = Default|Civ6
	EndGlobalSection
	GlobalSection(ProjectConfigurationPlatforms) = postSolution
		{A091BD4E-BE19-4FA8-ACCA-D92FA895CE7C}.Default|Civ6.ActiveCfg = Default|Civ6
		{A091BD4E-BE19-4FA8-ACCA-D92FA895CE7C}.Default|Civ6.Build.0 = Default|Civ6
	EndGlobalSection
	GlobalSection(SolutionProperties) = preSolution
		HideSolutionNode = FALSE
	EndGlobalSection
	GlobalSection(ExtensibilityGlobals) = postSolution
		SolutionGuid = {310B3B27-ABFB-4570-B231-B6413C6FD55D}
	EndGlobalSection
EndGlobal
