
Microsoft Visual Studio Solution File, Format Version 12.00
# Visual Studio Version 17
VisualStudioVersion = 17.11.35208.52
MinimumVisualStudioVersion = 10.0.40219.1
Project("{67E9A580-B80A-47B4-AABE-EA3C686919CE}") = "KoreaReworkMod", "KoreaReworkMod.civ6proj", "{7F96E284-B331-4311-9774-16639BB5078E}"
EndProject
Global
	GlobalSection(SolutionConfigurationPlatforms) = preSolution
		Default|Civ6 = Default|Civ6
	EndGlobalSection
	GlobalSection(ProjectConfigurationPlatforms) = postSolution
		{7F96E284-B331-4311-9774-16639BB5078E}.Default|Civ6.ActiveCfg = Default|Civ6
		{7F96E284-B331-4311-9774-16639BB5078E}.Default|Civ6.Build.0 = Default|Civ6
	EndGlobalSection
	GlobalSection(SolutionProperties) = preSolution
		HideSolutionNode = FALSE
	EndGlobalSection
	GlobalSection(ExtensibilityGlobals) = postSolution
		SolutionGuid = {E484D5D5-FFFB-40E5-8C90-A21CD0DA866C}
	EndGlobalSection
EndGlobal
