
Microsoft Visual Studio Solution File, Format Version 12.00
# Visual Studio Version 17
VisualStudioVersion = 17.11.35208.52
MinimumVisualStudioVersion = 10.0.40219.1
Project("{67E9A580-B80A-47B4-AABE-EA3C686919CE}") = "BluehillSejong", "BluehillSejong.civ6proj", "{C188FDD0-1329-4CA0-8ED4-94C0447AA9F6}"
EndProject
Global
	GlobalSection(SolutionConfigurationPlatforms) = preSolution
		Default|Civ6 = Default|Civ6
	EndGlobalSection
	GlobalSection(ProjectConfigurationPlatforms) = postSolution
		{C188FDD0-1329-4CA0-8ED4-94C0447AA9F6}.Default|Civ6.ActiveCfg = Default|Civ6
		{C188FDD0-1329-4CA0-8ED4-94C0447AA9F6}.Default|Civ6.Build.0 = Default|Civ6
	EndGlobalSection
	GlobalSection(SolutionProperties) = preSolution
		HideSolutionNode = FALSE
	EndGlobalSection
	GlobalSection(ExtensibilityGlobals) = postSolution
		SolutionGuid = {4D0E12D8-8D87-4597-96C6-DEF079BA484B}
	EndGlobalSection
EndGlobal
