
Microsoft Visual Studio Solution File, Format Version 12.00
# Visual Studio Version 17
VisualStudioVersion = 17.11.35208.52
MinimumVisualStudioVersion = 10.0.40219.1
Project("{67E9A580-B80A-47B4-AABE-EA3C686919CE}") = "Extra Resource Extraction", "Extra Resource Extraction.civ6proj", "{6B9B5450-6FC8-4928-AA0E-6FCACF43FF8A}"
EndProject
Global
	GlobalSection(SolutionConfigurationPlatforms) = preSolution
		Default|Civ6 = Default|Civ6
	EndGlobalSection
	GlobalSection(ProjectConfigurationPlatforms) = postSolution
		{6B9B5450-6FC8-4928-AA0E-6FCACF43FF8A}.Default|Civ6.ActiveCfg = Default|Civ6
		{6B9B5450-6FC8-4928-AA0E-6FCACF43FF8A}.Default|Civ6.Build.0 = Default|Civ6
	EndGlobalSection
	GlobalSection(SolutionProperties) = preSolution
		HideSolutionNode = FALSE
	EndGlobalSection
	GlobalSection(ExtensibilityGlobals) = postSolution
		SolutionGuid = {7AD94B87-8048-42CB-BCB0-D7E31E4B51C5}
	EndGlobalSection
EndGlobal
