
Microsoft Visual Studio Solution File, Format Version 12.00
# Visual Studio Version 17
VisualStudioVersion = 17.9.34616.47
MinimumVisualStudioVersion = 10.0.40219.1
Project("{67E9A580-B80A-47B4-AABE-EA3C686919CE}") = "Disable Tech Civic Popup", "Disable Tech Civic Popup.civ6proj", "{0628A414-195F-4173-B9F8-ABF692FE6579}"
EndProject
Global
	GlobalSection(SolutionConfigurationPlatforms) = preSolution
		Default|Civ6 = Default|Civ6
	EndGlobalSection
	GlobalSection(ProjectConfigurationPlatforms) = postSolution
		{0628A414-195F-4173-B9F8-ABF692FE6579}.Default|Civ6.ActiveCfg = Default|Civ6
		{0628A414-195F-4173-B9F8-ABF692FE6579}.Default|Civ6.Build.0 = Default|Civ6
	EndGlobalSection
	GlobalSection(SolutionProperties) = preSolution
		HideSolutionNode = FALSE
	EndGlobalSection
	GlobalSection(ExtensibilityGlobals) = postSolution
		SolutionGuid = {31A24C31-B0EA-464C-976B-7F2DEAF3AA0D}
	EndGlobalSection
EndGlobal
